
Microsoft Visual Studio Solution File, Format Version 12.00
# Visual Studio Version 17
VisualStudioVersion = 17.0.32126.317
MinimumVisualStudioVersion = 10.0.40219.1
Project("{9A19103F-16F7-4668-BE54-9A1E7A4F7556}") = "ToyRobot", "src\ToyRobot\ToyRobot.csproj", "{EE499B64-4054-40E1-93BD-3D3EC805156C}"
EndProject
Project("{FAE04EC0-301F-11D3-BF4B-00C04F79EFBC}") = "ToyRobotTest", "src\ToyRobotTest\ToyRobotTest.csproj", "{8525DECB-5D5E-4383-A4A3-1AD8B44F20E0}"
EndProject
Global
	GlobalSection(SolutionConfigurationPlatforms) = preSolution
		Debug|Any CPU = Debug|Any CPU
		Release|Any CPU = Release|Any CPU
	EndGlobalSection
	GlobalSection(ProjectConfigurationPlatforms) = postSolution
		{EE499B64-4054-40E1-93BD-3D3EC805156C}.Debug|Any CPU.ActiveCfg = Debug|Any CPU
		{EE499B64-4054-40E1-93BD-3D3EC805156C}.Debug|Any CPU.Build.0 = Debug|Any CPU
		{EE499B64-4054-40E1-93BD-3D3EC805156C}.Release|Any CPU.ActiveCfg = Release|Any CPU
		{EE499B64-4054-40E1-93BD-3D3EC805156C}.Release|Any CPU.Build.0 = Release|Any CPU
		{8525DECB-5D5E-4383-A4A3-1AD8B44F20E0}.Debug|Any CPU.ActiveCfg = Debug|Any CPU
		{8525DECB-5D5E-4383-A4A3-1AD8B44F20E0}.Debug|Any CPU.Build.0 = Debug|Any CPU
		{8525DECB-5D5E-4383-A4A3-1AD8B44F20E0}.Release|Any CPU.ActiveCfg = Release|Any CPU
		{8525DECB-5D5E-4383-A4A3-1AD8B44F20E0}.Release|Any CPU.Build.0 = Release|Any CPU
	EndGlobalSection
	GlobalSection(SolutionProperties) = preSolution
		HideSolutionNode = FALSE
	EndGlobalSection
	GlobalSection(ExtensibilityGlobals) = postSolution
		SolutionGuid = {813BCE8A-3A14-4D28-937A-45C4F09FCF20}
	EndGlobalSection
EndGlobal
